
Microsoft Visual Studio Solution File, Format Version 12.00
# Visual Studio Version 17
VisualStudioVersion = 17.9.34728.123
MinimumVisualStudioVersion = 10.0.40219.1
Project("{FAE04EC0-301F-11D3-BF4B-00C04F79EFBC}") = "SliceTester", "SliceTester\SliceTester.csproj", "{47E5A2E8-E021-4AEF-AAAD-FC7A8BA70AC1}"
EndProject
Global
	GlobalSection(SolutionConfigurationPlatforms) = preSolution
		Debug|Any CPU = Debug|Any CPU
		Release|Any CPU = Release|Any CPU
	EndGlobalSection
	GlobalSection(ProjectConfigurationPlatforms) = postSolution
		{47E5A2E8-E021-4AEF-AAAD-FC7A8BA70AC1}.Debug|Any CPU.ActiveCfg = Debug|Any CPU
		{47E5A2E8-E021-4AEF-AAAD-FC7A8BA70AC1}.Debug|Any CPU.Build.0 = Debug|Any CPU
		{47E5A2E8-E021-4AEF-AAAD-FC7A8BA70AC1}.Release|Any CPU.ActiveCfg = Release|Any CPU
		{47E5A2E8-E021-4AEF-AAAD-FC7A8BA70AC1}.Release|Any CPU.Build.0 = Release|Any CPU
	EndGlobalSection
	GlobalSection(SolutionProperties) = preSolution
		HideSolutionNode = FALSE
	EndGlobalSection
	GlobalSection(ExtensibilityGlobals) = postSolution
		SolutionGuid = {8C4114FD-88F3-4ECD-B48E-484C17F55981}
	EndGlobalSection
EndGlobal
